{
  "name": "agent-community",
  "version": "0.0.0",
  "lockfileVersion": 3,
  "requires": true,
  "packages": {
    "": {
      "name": "agent-community",
      "version": "0.0.0",
      "license": "MIT",
      "dependencies": {
        "@a2a-js/sdk": "1.2.0"
      },
      "engines": {
        "node": ">=24 <25"
      }
    },
    "node_modules/@a2a-js/sdk": {
      "version": "1.2.0",
      "resolved": "https://registry.npmjs.org/@a2a-js/sdk/-/sdk-1.2.0.tgz",
      "integrity": "sha512-zxjvBrxhPV4J/RN8QTbsYaUIu9Y9RvmR06IP5o42UdJX42A9I0m1StGVvqrcCQ3bdu3SzWHPm5CeC2FNHARvkw==",
      "license": "Apache-2.0",
      "dependencies": {
        "jose": "^6.2.3"
      },
      "engines": {
        "node": ">=20"
      },
      "peerDependencies": {
        "@bufbuild/protobuf": "^2.10.2",
        "@grpc/grpc-js": "^1.11.0",
        "express": "^4.21.2 || ^5.1.0"
      },
      "peerDependenciesMeta": {
        "@bufbuild/protobuf": {
          "optional": true
        },
        "@grpc/grpc-js": {
          "optional": true
        },
        "express": {
          "optional": true
        }
      }
    },
    "node_modules/jose": {
      "version": "6.2.12",
      "resolved": "https://registry.npmjs.org/jose/-/jose-6.2.12.tgz",
      "integrity": "sha512-9NiFmJEex0sy2Dk58j2UGBSHgUs2ypF9eZSu4L6vjOX3Dp96Sw1F3uL+H+D1sx02jZZdzUT0HgvCy59CuvXcWw==",
      "license": "MIT",
      "funding": {
        "url": "https://github.com/sponsors/panva"
      }
    }
  }
}
